
Microsoft Visual Studio Solution File, Format Version 12.00
# Visual Studio Version 16
VisualStudioVersion = 16.0.30621.155
MinimumVisualStudioVersion = 10.0.40219.1
Project("{FAE04EC0-301F-11D3-BF4B-00C04F79EFBC}") = "MedSearch", "MedSearch\MedSearch.csproj", "{914B8AA6-4D65-4898-8242-72E8AAB627AF}"
EndProject
Global
	GlobalSection(SolutionConfigurationPlatforms) = preSolution
		Debug|Any CPU = Debug|Any CPU
		Release|Any CPU = Release|Any CPU
	EndGlobalSection
	GlobalSection(ProjectConfigurationPlatforms) = postSolution
		{914B8AA6-4D65-4898-8242-72E8AAB627AF}.Debug|Any CPU.ActiveCfg = Debug|Any CPU
		{914B8AA6-4D65-4898-8242-72E8AAB627AF}.Debug|Any CPU.Build.0 = Debug|Any CPU
		{914B8AA6-4D65-4898-8242-72E8AAB627AF}.Release|Any CPU.ActiveCfg = Release|Any CPU
		{914B8AA6-4D65-4898-8242-72E8AAB627AF}.Release|Any CPU.Build.0 = Release|Any CPU
	EndGlobalSection
	GlobalSection(SolutionProperties) = preSolution
		HideSolutionNode = FALSE
	EndGlobalSection
	GlobalSection(ExtensibilityGlobals) = postSolution
		SolutionGuid = {5D94E3BB-B03E-40E9-8702-17A5693281A4}
	EndGlobalSection
EndGlobal
